
Microsoft Visual Studio Solution File, Format Version 12.00
# Visual Studio Version 17
VisualStudioVersion = 17.9.34616.47
MinimumVisualStudioVersion = 10.0.40219.1
Project("{FAE04EC0-301F-11D3-BF4B-00C04F79EFBC}") = "Arrays", "Arrays\Arrays.csproj", "{244AEDCE-48F3-4ABB-856E-6560B9837FBF}"
EndProject
Global
	GlobalSection(SolutionConfigurationPlatforms) = preSolution
		Debug|Any CPU = Debug|Any CPU
		Release|Any CPU = Release|Any CPU
	EndGlobalSection
	GlobalSection(ProjectConfigurationPlatforms) = postSolution
		{244AEDCE-48F3-4ABB-856E-6560B9837FBF}.Debug|Any CPU.ActiveCfg = Debug|Any CPU
		{244AEDCE-48F3-4ABB-856E-6560B9837FBF}.Debug|Any CPU.Build.0 = Debug|Any CPU
		{244AEDCE-48F3-4ABB-856E-6560B9837FBF}.Release|Any CPU.ActiveCfg = Release|Any CPU
		{244AEDCE-48F3-4ABB-856E-6560B9837FBF}.Release|Any CPU.Build.0 = Release|Any CPU
	EndGlobalSection
	GlobalSection(SolutionProperties) = preSolution
		HideSolutionNode = FALSE
	EndGlobalSection
	GlobalSection(ExtensibilityGlobals) = postSolution
		SolutionGuid = {B54D94DF-5380-4B9E-8C66-A681DCB09658}
	EndGlobalSection
EndGlobal
